
Microsoft Visual Studio Solution File, Format Version 12.00
# Visual Studio Version 17
VisualStudioVersion = 17.4.33213.308
MinimumVisualStudioVersion = 10.0.40219.1
Project("{FAE04EC0-301F-11D3-BF4B-00C04F79EFBC}") = "WebValidations", "WebValidations\WebValidations.csproj", "{86D11E7A-EB88-4A0F-ADF7-4E3646ECF29A}"
EndProject
Global
	GlobalSection(SolutionConfigurationPlatforms) = preSolution
		Debug|Any CPU = Debug|Any CPU
		Release|Any CPU = Release|Any CPU
	EndGlobalSection
	GlobalSection(ProjectConfigurationPlatforms) = postSolution
		{86D11E7A-EB88-4A0F-ADF7-4E3646ECF29A}.Debug|Any CPU.ActiveCfg = Debug|Any CPU
		{86D11E7A-EB88-4A0F-ADF7-4E3646ECF29A}.Debug|Any CPU.Build.0 = Debug|Any CPU
		{86D11E7A-EB88-4A0F-ADF7-4E3646ECF29A}.Release|Any CPU.ActiveCfg = Release|Any CPU
		{86D11E7A-EB88-4A0F-ADF7-4E3646ECF29A}.Release|Any CPU.Build.0 = Release|Any CPU
	EndGlobalSection
	GlobalSection(SolutionProperties) = preSolution
		HideSolutionNode = FALSE
	EndGlobalSection
	GlobalSection(ExtensibilityGlobals) = postSolution
		SolutionGuid = {DD77DB31-11F0-445F-AA7A-2770E0A469F4}
	EndGlobalSection
EndGlobal
